
Microsoft Visual Studio Solution File, Format Version 12.00
# Visual Studio 2015
Project("{FAE04EC0-301F-11D3-BF4B-00C04F79EFBC}") = "LRJ.CSharp.Plugins", "LRJ.CSharp.Plugins.csproj", "{7BAB8224-6C60-390B-7AE0-4425FBBDDBA7}"
EndProject
Project("{FAE04EC0-301F-11D3-BF4B-00C04F79EFBC}") = "LRJ.CSharp", "LRJ.CSharp.csproj", "{869E9775-E200-480C-E679-8270F75D4C86}"
EndProject
Project("{FAE04EC0-301F-11D3-BF4B-00C04F79EFBC}") = "LRJ.CSharp.Editor", "LRJ.CSharp.Editor.csproj", "{06900A89-66E5-2A4F-4649-4F017A951732}"
EndProject
Global
	GlobalSection(SolutionConfigurationPlatforms) = preSolution
		Debug|Any CPU = Debug|Any CPU
		Release|Any CPU = Release|Any CPU
	EndGlobalSection
	GlobalSection(ProjectConfigurationPlatforms) = postSolution
		{7BAB8224-6C60-390B-7AE0-4425FBBDDBA7}.Debug|Any CPU.ActiveCfg = Debug|Any CPU
		{7BAB8224-6C60-390B-7AE0-4425FBBDDBA7}.Debug|Any CPU.Build.0 = Debug|Any CPU
		{7BAB8224-6C60-390B-7AE0-4425FBBDDBA7}.Release|Any CPU.ActiveCfg = Release|Any CPU
		{7BAB8224-6C60-390B-7AE0-4425FBBDDBA7}.Release|Any CPU.Build.0 = Release|Any CPU
		{869E9775-E200-480C-E679-8270F75D4C86}.Debug|Any CPU.ActiveCfg = Debug|Any CPU
		{869E9775-E200-480C-E679-8270F75D4C86}.Debug|Any CPU.Build.0 = Debug|Any CPU
		{869E9775-E200-480C-E679-8270F75D4C86}.Release|Any CPU.ActiveCfg = Release|Any CPU
		{869E9775-E200-480C-E679-8270F75D4C86}.Release|Any CPU.Build.0 = Release|Any CPU
		{06900A89-66E5-2A4F-4649-4F017A951732}.Debug|Any CPU.ActiveCfg = Debug|Any CPU
		{06900A89-66E5-2A4F-4649-4F017A951732}.Debug|Any CPU.Build.0 = Debug|Any CPU
		{06900A89-66E5-2A4F-4649-4F017A951732}.Release|Any CPU.ActiveCfg = Release|Any CPU
		{06900A89-66E5-2A4F-4649-4F017A951732}.Release|Any CPU.Build.0 = Release|Any CPU
	EndGlobalSection
	GlobalSection(SolutionProperties) = preSolution
		HideSolutionNode = FALSE
	EndGlobalSection
EndGlobal
