
Microsoft Visual Studio Solution File, Format Version 12.00
# Visual Studio 2015
Project("{FAE04EC0-301F-11D3-BF4B-00C04F79EFBC}") = "NormansSky.CSharp.Plugins", "NormansSky.CSharp.Plugins.csproj", "{4D4855F2-EB23-3308-F746-BAEE016A2BFD}"
EndProject
Project("{FAE04EC0-301F-11D3-BF4B-00C04F79EFBC}") = "NormansSky.CSharp", "NormansSky.CSharp.csproj", "{3A143ECE-F233-6C70-29BB-D66F3A819C55}"
EndProject
Project("{FAE04EC0-301F-11D3-BF4B-00C04F79EFBC}") = "NormansSky.CSharp.Editor", "NormansSky.CSharp.Editor.csproj", "{2DCBBF54-3872-C5B0-D48B-7B084ABC42D0}"
EndProject
Global
	GlobalSection(SolutionConfigurationPlatforms) = preSolution
		Debug|Any CPU = Debug|Any CPU
		Release|Any CPU = Release|Any CPU
	EndGlobalSection
	GlobalSection(ProjectConfigurationPlatforms) = postSolution
		{4D4855F2-EB23-3308-F746-BAEE016A2BFD}.Debug|Any CPU.ActiveCfg = Debug|Any CPU
		{4D4855F2-EB23-3308-F746-BAEE016A2BFD}.Debug|Any CPU.Build.0 = Debug|Any CPU
		{4D4855F2-EB23-3308-F746-BAEE016A2BFD}.Release|Any CPU.ActiveCfg = Release|Any CPU
		{4D4855F2-EB23-3308-F746-BAEE016A2BFD}.Release|Any CPU.Build.0 = Release|Any CPU
		{3A143ECE-F233-6C70-29BB-D66F3A819C55}.Debug|Any CPU.ActiveCfg = Debug|Any CPU
		{3A143ECE-F233-6C70-29BB-D66F3A819C55}.Debug|Any CPU.Build.0 = Debug|Any CPU
		{3A143ECE-F233-6C70-29BB-D66F3A819C55}.Release|Any CPU.ActiveCfg = Release|Any CPU
		{3A143ECE-F233-6C70-29BB-D66F3A819C55}.Release|Any CPU.Build.0 = Release|Any CPU
		{2DCBBF54-3872-C5B0-D48B-7B084ABC42D0}.Debug|Any CPU.ActiveCfg = Debug|Any CPU
		{2DCBBF54-3872-C5B0-D48B-7B084ABC42D0}.Debug|Any CPU.Build.0 = Debug|Any CPU
		{2DCBBF54-3872-C5B0-D48B-7B084ABC42D0}.Release|Any CPU.ActiveCfg = Release|Any CPU
		{2DCBBF54-3872-C5B0-D48B-7B084ABC42D0}.Release|Any CPU.Build.0 = Release|Any CPU
	EndGlobalSection
	GlobalSection(SolutionProperties) = preSolution
		HideSolutionNode = FALSE
	EndGlobalSection
EndGlobal
